eliasnaur.com/font v0.0.0-20230308162249-dd43949cb42d h1:ARo7NCVvN2NdhLlJE9xAbKweuI9L6UgfTbYb0YwPacY=
eliasnaur.com/font v0.0.0-20230308162249-dd43949cb42d/go.mod h1:OYVuxibdk9OSLX8vAqydtRPP87PyTFcT9uH3MlEGBQA=
gioui.org v0.10.1 h1:Dvp6iDk9RKuZk19jxhOmb4p673CLVvb656LyMxQ+uO0=
gioui.org v0.10.1/go.mod h1:MZJZsdEPkTBzChdqeE8CiiQhreUQBj43qusDxQNDf7k=
gioui.org/cpu v0.0.0-20210808092351-bfe733dd3334/go.mod h1:A8M0Cn5o+vY5LTMlnRoK3O5kG+rH0kWfJjeKd9QpBmQ=
gioui.org/shader v1.0.8 h1:6ks0o/A+b0ne7RzEqRZK5f4Gboz2CfG+mVliciy6+qA=
gioui.org/shader v1.0.8/go.mod h1:mWdiME581d/kV7/iEhLmUgUK5iZ09XR5XpduXzbePVM=
github.com/go-text/typesetting v0.3.4 h1:YYurUOtEb9kGSOz4uE3k4OpBGsp1dDL8+fjCeaFamAU=
github.com/go-text/typesetting v0.3.4/go.mod h1:4qZCQphq4KSgGTAeI0uMEkVbROgfah8BuyF5LRYr7XY=
github.com/go-text/typesetting-utils v0.0.0-20260223113751-2d88ac90dae3 h1:drBZzMgdYPbmyXqOto4YhhJGrFIQCX94FpR4MzTCsos=
github.com/go-text/typesetting-utils v0.0.0-20260223113751-2d88ac90dae3/go.mod h1:3/62I4La/HBRX9TcTpBj4eipLiwzf+vhI+7whTc9V7o=
github.com/reactivego/rx v0.3.0 h1:QkwNj6gj1WZj2fFCNZv5ObZLqJajGpSGpMy5hthiQho=
github.com/reactivego/rx v0.3.0/go.mod h1:np2lcvuGNs9wAYwIHa0j2LrH/aAkS8ZevYTk87IcCF4=
github.com/reactivego/scheduler v0.2.0 h1:XCg1M2L/ejSOI8v5Q0K5xJt+W204+F0AJsjpTPsh13k=
github.com/reactivego/scheduler v0.2.0/go.mod h1:Kw99rMXR1WJr/FgeqQfGAWClsWWlVKXZCUwJ+iCXUtQ=
github.com/vibrantgio/cadence v0.3.1 h1:QqLWOt8jOIaDEh9/qGuTAHJ89HBEYR8ySn00kgUYaGU=
github.com/vibrantgio/cadence v0.3.1/go.mod h1:h2HcwW05eOzdVUd+RYb8a0lmFVGiOw+yvM+W3tkhs/I=
github.com/vibrantgio/font v0.1.0 h1:UXlYbXkf3Kbk5oxhdky1JFTTi8oV5Nf7Q8apDoCHFJM=
github.com/vibrantgio/font v0.1.0/go.mod h1:3xY/uNoUn5FC2+gJ1g9se10R0z+gcWfF8kxvChF/HTQ=
github.com/vibrantgio/mvu v0.4.4 h1:CmbCYqCGz+Y2zTWDfF1OLON2DL2bUJceQlfhi6pMhaQ=
github.com/vibrantgio/mvu v0.4.4/go.mod h1:jFP2zPvLge60zDSlCqTOcbMLHJaQgv1b8/VsmFD1ejo=
github.com/vibrantgio/prism v0.3.1 h1:MMtG6xva1CW3Yq69Z77LXNWYHjM26xHkeyePzxTP0EM=
github.com/vibrantgio/prism v0.3.1/go.mod h1:H6pyf1/CcvuR8qfvEzHg3zZI3KU0V4FNmYzCuZgQxuQ=
github.com/vibrantgio/pulse v0.1.2 h1:FqHPgzmDfya9Wt8JE+QR7xZB99kDTrfAP9csLnC2gHA=
github.com/vibrantgio/pulse v0.1.2/go.mod h1:AnYLhGNdGZt3arueqhFs8Y/2UOCCamuNfeYm5/4teys=
github.com/vibrantgio/spectrum v0.4.0 h1:e1fBZuYkOq8blZRa4wH8JAl5BOvEIgmj8kyGhUfMwls=
github.com/vibrantgio/spectrum v0.4.0/go.mod h1:yU6JfS8pETMwAUBlTKGqr6ffzOYR7qCngBPxtixQekU=
github.com/vibrantgio/svg v0.0.9 h1:0OCCmVFz13IIDR3oDZeyw0IMy2RKWKWReQIlsRRz9zw=
github.com/vibrantgio/svg v0.0.9/go.mod h1:H867wFCLH1Lfz+uoklXwtvOTAQgg/7DC0KoZm6nRHUA=
golang.org/x/exp v0.0.0-20260727155853-b88d891fe743 h1:ex206bKw+v3K0dm3andkrIF+ijyQKJG1pLgwQ2PYdQM=
golang.org/x/exp v0.0.0-20260727155853-b88d891fe743/go.mod h1:EdfpwwqSu+0Li0mzskwHU6FWDV3t9Q+RZDo3QMUtL3Q=
golang.org/x/exp/shiny v0.0.0-20260727155853-b88d891fe743 h1:rQLtGtwpYzQUyxCqrT3i4lGgvC1Q4G72JTHYncg6AvY=
golang.org/x/exp/shiny v0.0.0-20260727155853-b88d891fe743/go.mod h1:JRiBNgSZB8uVKtHGrvbGDQ8p9Ghn3+lkFSk1KqRIiPc=
golang.org/x/image v0.44.0 h1:+tDekMZED9+LrtB3G5xzRggpVh9CARjZqROla3R3R+I=
golang.org/x/image v0.44.0/go.mod h1:V8K3KE9KKKE+pLpQDOeN18w9oacNSvy1tDOirTu4xtY=
golang.org/x/net v0.57.0 h1:K5+3DljvIuDG9/Jv9rvyMywYNFCQ9RSUY6OOTTkT+tE=
golang.org/x/net v0.57.0/go.mod h1:KpXc8iv+r3XplLAG/f7Jsf9RPszJzdR0f58q9vGOuEU=
golang.org/x/sys v0.47.0 h1:o7XGOvZQCADBQQ4Y7VNq2dRWQR7JmOUW8Kxx4ZsNgWs=
golang.org/x/sys v0.47.0/go.mod h1:4GL1E5IUh+htKOUEOaiffhrAeqysfVGipDYzABqnCmw=
golang.org/x/text v0.40.0 h1:Ub2Z6/xjgF1WrYQz2nuITOEegKFtiIy+rieRJ5lHZKs=
golang.org/x/text v0.40.0/go.mod h1:hpnzDAfGV753zIKo+wk3u1bVKCGPbrnF7+7LBF/UHVY=
